<?xml version="1.0" encoding="utf-8"?>
<Project ToolsVersion="4.0" xmlns="http://schemas.microsoft.com/developer/msbuild/2003">
  <ItemGroup>
    <Filter Include="Source Files">
      <UniqueIdentifier>{4FC737F1-C7A5-4376-A066-2A32D752A2FF}</UniqueIdentifier>
      <Extensions>cpp;c;cc;cxx;c++;cppm;ixx;def;odl;idl;hpj;bat;asm;asmx</Extensions>
    </Filter>
    <Filter Include="Header Files">
      <UniqueIdentifier>{93995380-89BD-4b04-88EB-625FBE52EBFB}</UniqueIdentifier>
      <Extensions>h;hh;hpp;hxx;h++;hm;inl;inc;ipp;xsd</Extensions>
    </Filter>
    <Filter Include="Resource Files">
      <UniqueIdentifier>{67DA6AB6-F800-4c08-8B7A-83BB121AAD01}</UniqueIdentifier>
      <Extensions>rc;ico;cur;bmp;dlg;rc2;rct;bin;rgs;gif;jpg;jpeg;jpe;resx;tiff;tif;png;wav;mfcribbon-ms</Extensions>
    </Filter>
    <Filter Include="Coily">
      <UniqueIdentifier>{26a4767c-6ceb-45c2-92ed-9cdba7bd8ce2}</UniqueIdentifier>
    </Filter>
    <Filter Include="Coily\States">
      <UniqueIdentifier>{c8881497-dea1-44cc-b3dd-b42fb8f6011e}</UniqueIdentifier>
    </Filter>
    <Filter Include="Coily\States\EggState">
      <UniqueIdentifier>{801837a9-e2e8-4911-8d01-12c535cc0df6}</UniqueIdentifier>
    </Filter>
    <Filter Include="Coily\States\TransformingState">
      <UniqueIdentifier>{a60d431b-f313-4f23-81ad-e47eba1445a1}</UniqueIdentifier>
    </Filter>
    <Filter Include="Coily\States\ChasingState">
      <UniqueIdentifier>{e2b61196-4ace-4fc6-ad64-19b167337ac2}</UniqueIdentifier>
    </Filter>
    <Filter Include="Coily\States\DeadState">
      <UniqueIdentifier>{0306ec7f-b57a-42f3-8b37-766228ed44b0}</UniqueIdentifier>
    </Filter>
  </ItemGroup>
  <ItemGroup>
    <ClCompile Include="main.cpp">
      <Filter>Source Files</Filter>
    </ClCompile>
    <ClCompile Include="GameUIComponent.cpp">
      <Filter>Source Files</Filter>
    </ClCompile>
    <ClCompile Include="HealthComponent.cpp">
      <Filter>Source Files</Filter>
    </ClCompile>
    <ClCompile Include="TestCommand.cpp">
      <Filter>Source Files</Filter>
    </ClCompile>
    <ClCompile Include="CoilyComponent.cpp">
      <Filter>Coily</Filter>
    </ClCompile>
    <ClCompile Include="EggState.cpp">
      <Filter>Coily\States\EggState</Filter>
    </ClCompile>
    <ClCompile Include="TransformingState.cpp">
      <Filter>Coily\States\TransformingState</Filter>
    </ClCompile>
  </ItemGroup>
  <ItemGroup>
    <ClInclude Include="GameUIComponent.h">
      <Filter>Header Files</Filter>
    </ClInclude>
    <ClInclude Include="HealthComponent.h">
      <Filter>Header Files</Filter>
    </ClInclude>
    <ClInclude Include="MoveCommand.h">
      <Filter>Header Files</Filter>
    </ClInclude>
    <ClInclude Include="PelletCommand.h">
      <Filter>Header Files</Filter>
    </ClInclude>
    <ClInclude Include="TestCommand.h">
      <Filter>Header Files</Filter>
    </ClInclude>
    <ClInclude Include="HitCommand.h">
      <Filter>Header Files</Filter>
    </ClInclude>
    <ClInclude Include="StopMovingCommand.h">
      <Filter>Header Files</Filter>
    </ClInclude>
    <ClInclude Include="CoilyComponent.h">
      <Filter>Coily</Filter>
    </ClInclude>
    <ClInclude Include="CoilyState.h">
      <Filter>Coily\States</Filter>
    </ClInclude>
    <ClInclude Include="EggState.h">
      <Filter>Coily\States\EggState</Filter>
    </ClInclude>
    <ClInclude Include="TransformingState.h">
      <Filter>Coily\States\TransformingState</Filter>
    </ClInclude>
  </ItemGroup>
  <ItemGroup>
    <None Include="imgui.ini" />
  </ItemGroup>
</Project>